
Microsoft Visual Studio Solution File, Format Version 12.00
# Visual Studio Version 16
VisualStudioVersion = 16.0.31205.134
MinimumVisualStudioVersion = 10.0.40219.1
Project("{FAE04EC0-301F-11D3-BF4B-00C04F79EFBC}") = "SmartBuilding", "SmartBuilding\SmartBuilding.csproj", "{A95AF832-2570-4BE0-A1E5-240F512CC851}"
EndProject
Project("{E53339B2-1760-4266-BCC7-CA923CBCF16C}") = "docker-compose", "docker-compose.dcproj", "{9CBD4366-5FDE-4B35-A3D0-53058EEC440F}"
EndProject
Global
	GlobalSection(SolutionConfigurationPlatforms) = preSolution
		Debug|Any CPU = Debug|Any CPU
		Release|Any CPU = Release|Any CPU
	EndGlobalSection
	GlobalSection(ProjectConfigurationPlatforms) = postSolution
		{A95AF832-2570-4BE0-A1E5-240F512CC851}.Debug|Any CPU.ActiveCfg = Debug|Any CPU
		{A95AF832-2570-4BE0-A1E5-240F512CC851}.Debug|Any CPU.Build.0 = Debug|Any CPU
		{A95AF832-2570-4BE0-A1E5-240F512CC851}.Release|Any CPU.ActiveCfg = Release|Any CPU
		{A95AF832-2570-4BE0-A1E5-240F512CC851}.Release|Any CPU.Build.0 = Release|Any CPU
		{9CBD4366-5FDE-4B35-A3D0-53058EEC440F}.Debug|Any CPU.ActiveCfg = Debug|Any CPU
		{9CBD4366-5FDE-4B35-A3D0-53058EEC440F}.Debug|Any CPU.Build.0 = Debug|Any CPU
		{9CBD4366-5FDE-4B35-A3D0-53058EEC440F}.Release|Any CPU.ActiveCfg = Release|Any CPU
		{9CBD4366-5FDE-4B35-A3D0-53058EEC440F}.Release|Any CPU.Build.0 = Release|Any CPU
	EndGlobalSection
	GlobalSection(SolutionProperties) = preSolution
		HideSolutionNode = FALSE
	EndGlobalSection
	GlobalSection(ExtensibilityGlobals) = postSolution
		SolutionGuid = {18445328-EADB-4E16-B19A-21E8D45A9373}
	EndGlobalSection
EndGlobal
